// !$*UTF8*$!
{
	archiveVersion = 1;
	classes = {
	};
	objectVersion = 46;
	objects = {

/* Begin PBXBuildFile section */
		1D3623260D0F684500981E51 /* iSlideViewerAppDelegate.m in Sources */ = {isa = PBXBuildFile; fileRef = 1D3623250D0F684500981E51 /* iSlideViewerAppDelegate.m */; };
		1D60589B0D05DD56006BFB54 /* main.m in Sources */ = {isa = PBXBuildFile; fileRef = 29B97316FDCFA39411CA2CEA /* main.m */; };
		1D60589F0D05DD5A006BFB54 /* Foundation.framework in Frameworks */ = {isa = PBXBuildFile; fileRef = 1D30AB110D05D00D00671497 /* Foundation.framework */; };
		1DF5F4E00D08C38300B7A737 /* UIKit.framework in Frameworks */ = {isa = PBXBuildFile; fileRef = 1DF5F4DF0D08C38300B7A737 /* UIKit.framework */; };
		288765A50DF7441C002DB57D /* CoreGraphics.framework in Frameworks */ = {isa = PBXBuildFile; fileRef = 288765A40DF7441C002DB57D /* CoreGraphics.framework */; };
		2899E5220DE3E06400AC0155 /* iSlideViewerViewController.xib in Resources */ = {isa = PBXBuildFile; fileRef = 2899E5210DE3E06400AC0155 /* iSlideViewerViewController.xib */; };
		28AD733F0D9D9553002E5188 /* MainWindow.xib in Resources */ = {isa = PBXBuildFile; fileRef = 28AD733E0D9D9553002E5188 /* MainWindow.xib */; };
		28D7ACF80DDB3853001CB0EB /* iSlideViewerViewController.m in Sources */ = {isa = PBXBuildFile; fileRef = 28D7ACF70DDB3853001CB0EB /* iSlideViewerViewController.m */; };
		64867DFA12F96D9A002764F8 /* MainMenuViewController.m in Sources */ = {isa = PBXBuildFile; fileRef = 64867DF812F96D9A002764F8 /* MainMenuViewController.m */; };
		64867DFB12F96D9A002764F8 /* MainMenuViewController.xib in Resources */ = {isa = PBXBuildFile; fileRef = 64867DF912F96D9A002764F8 /* MainMenuViewController.xib */; };
		64867EA412F99253002764F8 /* SystemConfiguration.framework in Frameworks */ = {isa = PBXBuildFile; fileRef = 64867EA312F99253002764F8 /* SystemConfiguration.framework */; };
		648C4EB3137408A400933593 /* HJWeakMutableArray.m in Sources */ = {isa = PBXBuildFile; fileRef = 648C4E9F137408A400933593 /* HJWeakMutableArray.m */; };
		648C4EB4137408A400933593 /* HJObjManager.m in Sources */ = {isa = PBXBuildFile; fileRef = 648C4EA1137408A400933593 /* HJObjManager.m */; };
		648C4EB5137408A400933593 /* HJMOUserBase.m in Sources */ = {isa = PBXBuildFile; fileRef = 648C4EA3137408A400933593 /* HJMOUserBase.m */; };
		648C4EB6137408A400933593 /* HJMOPolicy.m in Sources */ = {isa = PBXBuildFile; fileRef = 648C4EA6137408A400933593 /* HJMOPolicy.m */; };
		648C4EB7137408A400933593 /* HJMOHandler.m in Sources */ = {isa = PBXBuildFile; fileRef = 648C4EA8137408A400933593 /* HJMOHandler.m */; };
		648C4EB8137408A400933593 /* HJMOFileCache.m in Sources */ = {isa = PBXBuildFile; fileRef = 648C4EAA137408A400933593 /* HJMOFileCache.m */; };
		648C4EB9137408A400933593 /* HJMOBigFileCache.m in Sources */ = {isa = PBXBuildFile; fileRef = 648C4EAC137408A400933593 /* HJMOBigFileCache.m */; };
		648C4EBA137408A400933593 /* HJManagedImageV.m in Sources */ = {isa = PBXBuildFile; fileRef = 648C4EAF137408A400933593 /* HJManagedImageV.m */; };
		648C4EBB137408A400933593 /* HJCircularBuffer.m in Sources */ = {isa = PBXBuildFile; fileRef = 648C4EB1137408A400933593 /* HJCircularBuffer.m */; };
		648C55F4137D6ADD00933593 /* URLHistoryViewController.xib in Resources */ = {isa = PBXBuildFile; fileRef = 648C55F2137D6ADD00933593 /* URLHistoryViewController.xib */; };
		648C56B9137D82A300933593 /* HistoryViewController.m in Sources */ = {isa = PBXBuildFile; fileRef = 648C56B7137D82A300933593 /* HistoryViewController.m */; };
		648C56BA137D82A300933593 /* HistoryViewController.xib in Resources */ = {isa = PBXBuildFile; fileRef = 648C56B8137D82A300933593 /* HistoryViewController.xib */; };
		648D886A1312B6FE0086DC21 /* AnnotationEditViewController.m in Sources */ = {isa = PBXBuildFile; fileRef = 648D88681312B6FE0086DC21 /* AnnotationEditViewController.m */; };
		648D886B1312B6FE0086DC21 /* AnnotationEditViewController.xib in Resources */ = {isa = PBXBuildFile; fileRef = 648D88691312B6FE0086DC21 /* AnnotationEditViewController.xib */; };
		648D8AD01313DE820086DC21 /* AppScrollView.m in Sources */ = {isa = PBXBuildFile; fileRef = 648D8ACF1313DE820086DC21 /* AppScrollView.m */; };
		64ABC5921346151700904B04 /* icon.png in Resources */ = {isa = PBXBuildFile; fileRef = 64ABC5911346151700904B04 /* icon.png */; };
		64ABC630134C7A4B00904B04 /* BPOIC.png in Resources */ = {isa = PBXBuildFile; fileRef = 64ABC62F134C7A4B00904B04 /* BPOIC.png */; };
		64B62E8913094DB900E0F9EC /* Annotation.m in Sources */ = {isa = PBXBuildFile; fileRef = 64B62E8813094DB900E0F9EC /* Annotation.m */; };
		64B62F3513096B2700E0F9EC /* Arrow.png in Resources */ = {isa = PBXBuildFile; fileRef = 64B62F3413096B2700E0F9EC /* Arrow.png */; };
		64B63924130E938200E0F9EC /* Line.m in Sources */ = {isa = PBXBuildFile; fileRef = 64B63923130E938200E0F9EC /* Line.m */; };
		64B919B412FC687700963081 /* SlideViewController.m in Sources */ = {isa = PBXBuildFile; fileRef = 64B919B212FC687700963081 /* SlideViewController.m */; };
		64B919B512FC687700963081 /* SlideViewController.xib in Resources */ = {isa = PBXBuildFile; fileRef = 64B919B312FC687700963081 /* SlideViewController.xib */; };
		64CE8BCF14576E0600567B17 /* CHCCase01.txt in Resources */ = {isa = PBXBuildFile; fileRef = 64CE8BBB14576E0600567B17 /* CHCCase01.txt */; };
		64CE8BD014576E0600567B17 /* CHCCase02.txt in Resources */ = {isa = PBXBuildFile; fileRef = 64CE8BBC14576E0600567B17 /* CHCCase02.txt */; };
		64CE8BD114576E0600567B17 /* CHCCase03.txt in Resources */ = {isa = PBXBuildFile; fileRef = 64CE8BBD14576E0600567B17 /* CHCCase03.txt */; };
		64CE8BD214576E0600567B17 /* CHCCase04.txt in Resources */ = {isa = PBXBuildFile; fileRef = 64CE8BBE14576E0600567B17 /* CHCCase04.txt */; };
		64CE8BD314576E0600567B17 /* CHCCase05.txt in Resources */ = {isa = PBXBuildFile; fileRef = 64CE8BBF14576E0600567B17 /* CHCCase05.txt */; };
		64CE8BD414576E0600567B17 /* CHCCase06.txt in Resources */ = {isa = PBXBuildFile; fileRef = 64CE8BC014576E0600567B17 /* CHCCase06.txt */; };
		64CE8BD514576E0600567B17 /* CHCCase07.txt in Resources */ = {isa = PBXBuildFile; fileRef = 64CE8BC114576E0600567B17 /* CHCCase07.txt */; };
		64CE8BD614576E0600567B17 /* CHCCase08.txt in Resources */ = {isa = PBXBuildFile; fileRef = 64CE8BC214576E0600567B17 /* CHCCase08.txt */; };
		64CE8BD714576E0600567B17 /* CHCCase09.txt in Resources */ = {isa = PBXBuildFile; fileRef = 64CE8BC314576E0600567B17 /* CHCCase09.txt */; };
		64CE8BD814576E0600567B17 /* CHCCase10.txt in Resources */ = {isa = PBXBuildFile; fileRef = 64CE8BC414576E0600567B17 /* CHCCase10.txt */; };
		64CE8BD914576E0600567B17 /* CHCCase11.txt in Resources */ = {isa = PBXBuildFile; fileRef = 64CE8BC514576E0600567B17 /* CHCCase11.txt */; };
		64CE8BDA14576E0600567B17 /* CHCCase12.txt in Resources */ = {isa = PBXBuildFile; fileRef = 64CE8BC614576E0600567B17 /* CHCCase12.txt */; };
		64CE8BDB14576E0600567B17 /* CHCCase13.txt in Resources */ = {isa = PBXBuildFile; fileRef = 64CE8BC714576E0600567B17 /* CHCCase13.txt */; };
		64CE8BDC14576E0600567B17 /* CHCCase14.txt in Resources */ = {isa = PBXBuildFile; fileRef = 64CE8BC814576E0600567B17 /* CHCCase14.txt */; };
		64CE8BDD14576E0600567B17 /* CHCCase15.txt in Resources */ = {isa = PBXBuildFile; fileRef = 64CE8BC914576E0600567B17 /* CHCCase15.txt */; };
		64CE8BDE14576E0600567B17 /* CHCCase16.txt in Resources */ = {isa = PBXBuildFile; fileRef = 64CE8BCA14576E0600567B17 /* CHCCase16.txt */; };
		64CE8BDF14576E0600567B17 /* CHCCase17.txt in Resources */ = {isa = PBXBuildFile; fileRef = 64CE8BCB14576E0600567B17 /* CHCCase17.txt */; };
		64CE8BE014576E0600567B17 /* CHCCase18.txt in Resources */ = {isa = PBXBuildFile; fileRef = 64CE8BCC14576E0600567B17 /* CHCCase18.txt */; };
		64CE8BE114576E0600567B17 /* CHCCase19.txt in Resources */ = {isa = PBXBuildFile; fileRef = 64CE8BCD14576E0600567B17 /* CHCCase19.txt */; };
		64CE8BE214576E0600567B17 /* CHCCase20.txt in Resources */ = {isa = PBXBuildFile; fileRef = 64CE8BCE14576E0600567B17 /* CHCCase20.txt */; };
		64CE8C4A1457728400567B17 /* annoCHCCase01.txt in Resources */ = {isa = PBXBuildFile; fileRef = 64CE8C361457728400567B17 /* annoCHCCase01.txt */; };
		64CE8C4B1457728400567B17 /* annoCHCCase02.txt in Resources */ = {isa = PBXBuildFile; fileRef = 64CE8C371457728400567B17 /* annoCHCCase02.txt */; };
		64CE8C4C1457728400567B17 /* annoCHCCase03.txt in Resources */ = {isa = PBXBuildFile; fileRef = 64CE8C381457728400567B17 /* annoCHCCase03.txt */; };
		64CE8C4D1457728400567B17 /* annoCHCCase04.txt in Resources */ = {isa = PBXBuildFile; fileRef = 64CE8C391457728400567B17 /* annoCHCCase04.txt */; };
		64CE8C4E1457728400567B17 /* annoCHCCase05.txt in Resources */ = {isa = PBXBuildFile; fileRef = 64CE8C3A1457728400567B17 /* annoCHCCase05.txt */; };
		64CE8C4F1457728400567B17 /* annoCHCCase06.txt in Resources */ = {isa = PBXBuildFile; fileRef = 64CE8C3B1457728400567B17 /* annoCHCCase06.txt */; };
		64CE8C501457728400567B17 /* annoCHCCase07.txt in Resources */ = {isa = PBXBuildFile; fileRef = 64CE8C3C1457728400567B17 /* annoCHCCase07.txt */; };
		64CE8C511457728400567B17 /* annoCHCCase08.txt in Resources */ = {isa = PBXBuildFile; fileRef = 64CE8C3D1457728400567B17 /* annoCHCCase08.txt */; };
		64CE8C521457728400567B17 /* annoCHCCase09.txt in Resources */ = {isa = PBXBuildFile; fileRef = 64CE8C3E1457728400567B17 /* annoCHCCase09.txt */; };
		64CE8C531457728400567B17 /* annoCHCCase10.txt in Resources */ = {isa = PBXBuildFile; fileRef = 64CE8C3F1457728400567B17 /* annoCHCCase10.txt */; };
		64CE8C541457728400567B17 /* annoCHCCase11.txt in Resources */ = {isa = PBXBuildFile; fileRef = 64CE8C401457728400567B17 /* annoCHCCase11.txt */; };
		64CE8C551457728400567B17 /* annoCHCCase12.txt in Resources */ = {isa = PBXBuildFile; fileRef = 64CE8C411457728400567B17 /* annoCHCCase12.txt */; };
		64CE8C561457728400567B17 /* annoCHCCase13.txt in Resources */ = {isa = PBXBuildFile; fileRef = 64CE8C421457728400567B17 /* annoCHCCase13.txt */; };
		64CE8C571457728400567B17 /* annoCHCCase14.txt in Resources */ = {isa = PBXBuildFile; fileRef = 64CE8C431457728400567B17 /* annoCHCCase14.txt */; };
		64CE8C581457728400567B17 /* annoCHCCase15.txt in Resources */ = {isa = PBXBuildFile; fileRef = 64CE8C441457728400567B17 /* annoCHCCase15.txt */; };
		64CE8C591457728400567B17 /* annoCHCCase16.txt in Resources */ = {isa = PBXBuildFile; fileRef = 64CE8C451457728400567B17 /* annoCHCCase16.txt */; };
		64CE8C5A1457728400567B17 /* annoCHCCase17.txt in Resources */ = {isa = PBXBuildFile; fileRef = 64CE8C461457728400567B17 /* annoCHCCase17.txt */; };
		64CE8C5B1457728400567B17 /* annoCHCCase18.txt in Resources */ = {isa = PBXBuildFile; fileRef = 64CE8C471457728400567B17 /* annoCHCCase18.txt */; };
		64CE8C5C1457728400567B17 /* annoCHCCase19.txt in Resources */ = {isa = PBXBuildFile; fileRef = 64CE8C481457728400567B17 /* annoCHCCase19.txt */; };
		64CE8C5D1457728400567B17 /* annoCHCCase20.txt in Resources */ = {isa = PBXBuildFile; fileRef = 64CE8C491457728400567B17 /* annoCHCCase20.txt */; };
		64D6FD1B1305939E00D0C33E /* SettingsViewController.m in Sources */ = {isa = PBXBuildFile; fileRef = 64D6FD191305939E00D0C33E /* SettingsViewController.m */; };
		64D6FD1C1305939E00D0C33E /* SettingsViewController.xib in Resources */ = {isa = PBXBuildFile; fileRef = 64D6FD1A1305939E00D0C33E /* SettingsViewController.xib */; };
		64E8E8B2140D129700AD7058 /* AsyncSocket.m in Sources */ = {isa = PBXBuildFile; fileRef = 64E8E8AF140D129700AD7058 /* AsyncSocket.m */; };
		64E8E8B3140D129700AD7058 /* AsyncUdpSocket.m in Sources */ = {isa = PBXBuildFile; fileRef = 64E8E8B1140D129700AD7058 /* AsyncUdpSocket.m */; };
		64E8E8B5140D192F00AD7058 /* CFNetwork.framework in Frameworks */ = {isa = PBXBuildFile; fileRef = 64E8E8B4140D192F00AD7058 /* CFNetwork.framework */; };
/* End PBXBuildFile section */

/* Begin PBXFileReference section */
		1D30AB110D05D00D00671497 /* Foundation.framework */ = {isa = PBXFileReference; lastKnownFileType = wrapper.framework; name = Foundation.framework; path = System/Library/Frameworks/Foundation.framework; sourceTree = SDKROOT; };
		1D3623240D0F684500981E51 /* iSlideViewerAppDelegate.h */ = {isa = PBXFileReference; fileEncoding = 4; lastKnownFileType = sourcecode.c.h; path = iSlideViewerAppDelegate.h; sourceTree = "<group>"; };
		1D3623250D0F684500981E51 /* iSlideViewerAppDelegate.m */ = {isa = PBXFileReference; fileEncoding = 4; lastKnownFileType = sourcecode.c.objc; path = iSlideViewerAppDelegate.m; sourceTree = "<group>"; };
		1D6058910D05DD3D006BFB54 /* iSlideViewer.app */ = {isa = PBXFileReference; explicitFileType = wrapper.application; includeInIndex = 0; path = iSlideViewer.app; sourceTree = BUILT_PRODUCTS_DIR; };
		1DF5F4DF0D08C38300B7A737 /* UIKit.framework */ = {isa = PBXFileReference; lastKnownFileType = wrapper.framework; name = UIKit.framework; path = System/Library/Frameworks/UIKit.framework; sourceTree = SDKROOT; };
		288765A40DF7441C002DB57D /* CoreGraphics.framework */ = {isa = PBXFileReference; lastKnownFileType = wrapper.framework; name = CoreGraphics.framework; path = System/Library/Frameworks/CoreGraphics.framework; sourceTree = SDKROOT; };
		2899E5210DE3E06400AC0155 /* iSlideViewerViewController.xib */ = {isa = PBXFileReference; lastKnownFileType = file.xib; path = iSlideViewerViewController.xib; sourceTree = "<group>"; };
		28AD733E0D9D9553002E5188 /* MainWindow.xib */ = {isa = PBXFileReference; lastKnownFileType = file.xib; path = MainWindow.xib; sourceTree = "<group>"; };
		28D7ACF60DDB3853001CB0EB /* iSlideViewerViewController.h */ = {isa = PBXFileReference; fileEncoding = 4; lastKnownFileType = sourcecode.c.h; path = iSlideViewerViewController.h; sourceTree = "<group>"; };
		28D7ACF70DDB3853001CB0EB /* iSlideViewerViewController.m */ = {isa = PBXFileReference; fileEncoding = 4; lastKnownFileType = sourcecode.c.objc; path = iSlideViewerViewController.m; sourceTree = "<group>"; };
		29B97316FDCFA39411CA2CEA /* main.m */ = {isa = PBXFileReference; fileEncoding = 4; lastKnownFileType = sourcecode.c.objc; path = main.m; sourceTree = "<group>"; };
		32CA4F630368D1EE00C91783 /* iSlideViewer_Prefix.pch */ = {isa = PBXFileReference; fileEncoding = 4; lastKnownFileType = sourcecode.c.h; path = iSlideViewer_Prefix.pch; sourceTree = "<group>"; };
		64867DF712F96D9A002764F8 /* MainMenuViewController.h */ = {isa = PBXFileReference; fileEncoding = 4; lastKnownFileType = sourcecode.c.h; path = MainMenuViewController.h; sourceTree = "<group>"; };
		64867DF812F96D9A002764F8 /* MainMenuViewController.m */ = {isa = PBXFileReference; fileEncoding = 4; lastKnownFileType = sourcecode.c.objc; path = MainMenuViewController.m; sourceTree = "<group>"; };
		64867DF912F96D9A002764F8 /* MainMenuViewController.xib */ = {isa = PBXFileReference; lastKnownFileType = file.xib; name = MainMenuViewController.xib; path = Classes/MainMenuViewController.xib; sourceTree = "<group>"; };
		64867EA312F99253002764F8 /* SystemConfiguration.framework */ = {isa = PBXFileReference; lastKnownFileType = wrapper.framework; name = SystemConfiguration.framework; path = System/Library/Frameworks/SystemConfiguration.framework; sourceTree = SDKROOT; };
		648C4E9F137408A400933593 /* HJWeakMutableArray.m */ = {isa = PBXFileReference; fileEncoding = 4; lastKnownFileType = sourcecode.c.objc; path = HJWeakMutableArray.m; sourceTree = "<group>"; };
		648C4EA0137408A400933593 /* HJWeakMutableArray.h */ = {isa = PBXFileReference; fileEncoding = 4; lastKnownFileType = sourcecode.c.h; path = HJWeakMutableArray.h; sourceTree = "<group>"; };
		648C4EA1137408A400933593 /* HJObjManager.m */ = {isa = PBXFileReference; fileEncoding = 4; lastKnownFileType = sourcecode.c.objc; path = HJObjManager.m; sourceTree = "<group>"; };
		648C4EA2137408A400933593 /* HJObjManager.h */ = {isa = PBXFileReference; fileEncoding = 4; lastKnownFileType = sourcecode.c.h; path = HJObjManager.h; sourceTree = "<group>"; };
		648C4EA3137408A400933593 /* HJMOUserBase.m */ = {isa = PBXFileReference; fileEncoding = 4; lastKnownFileType = sourcecode.c.objc; path = HJMOUserBase.m; sourceTree = "<group>"; };
		648C4EA4137408A400933593 /* HJMOUserBase.h */ = {isa = PBXFileReference; fileEncoding = 4; lastKnownFileType = sourcecode.c.h; path = HJMOUserBase.h; sourceTree = "<group>"; };
		648C4EA5137408A400933593 /* HJMOUser.h */ = {isa = PBXFileReference; fileEncoding = 4; lastKnownFileType = sourcecode.c.h; path = HJMOUser.h; sourceTree = "<group>"; };
		648C4EA6137408A400933593 /* HJMOPolicy.m */ = {isa = PBXFileReference; fileEncoding = 4; lastKnownFileType = sourcecode.c.objc; path = HJMOPolicy.m; sourceTree = "<group>"; };
		648C4EA7137408A400933593 /* HJMOPolicy.h */ = {isa = PBXFileReference; fileEncoding = 4; lastKnownFileType = sourcecode.c.h; path = HJMOPolicy.h; sourceTree = "<group>"; };
		648C4EA8137408A400933593 /* HJMOHandler.m */ = {isa = PBXFileReference; fileEncoding = 4; lastKnownFileType = sourcecode.c.objc; path = HJMOHandler.m; sourceTree = "<group>"; };
		648C4EA9137408A400933593 /* HJMOHandler.h */ = {isa = PBXFileReference; fileEncoding = 4; lastKnownFileType = sourcecode.c.h; path = HJMOHandler.h; sourceTree = "<group>"; };
		648C4EAA137408A400933593 /* HJMOFileCache.m */ = {isa = PBXFileReference; fileEncoding = 4; lastKnownFileType = sourcecode.c.objc; path = HJMOFileCache.m; sourceTree = "<group>"; };
		648C4EAB137408A400933593 /* HJMOFileCache.h */ = {isa = PBXFileReference; fileEncoding = 4; lastKnownFileType = sourcecode.c.h; path = HJMOFileCache.h; sourceTree = "<group>"; };
		648C4EAC137408A400933593 /* HJMOBigFileCache.m */ = {isa = PBXFileReference; fileEncoding = 4; lastKnownFileType = sourcecode.c.objc; path = HJMOBigFileCache.m; sourceTree = "<group>"; };
		648C4EAD137408A400933593 /* HJMOBigFileCache.h */ = {isa = PBXFileReference; fileEncoding = 4; lastKnownFileType = sourcecode.c.h; path = HJMOBigFileCache.h; sourceTree = "<group>"; };
		648C4EAE137408A400933593 /* HJManagedImageVDelegate.h */ = {isa = PBXFileReference; fileEncoding = 4; lastKnownFileType = sourcecode.c.h; path = HJManagedImageVDelegate.h; sourceTree = "<group>"; };
		648C4EAF137408A400933593 /* HJManagedImageV.m */ = {isa = PBXFileReference; fileEncoding = 4; lastKnownFileType = sourcecode.c.objc; path = HJManagedImageV.m; sourceTree = "<group>"; };
		648C4EB0137408A400933593 /* HJManagedImageV.h */ = {isa = PBXFileReference; fileEncoding = 4; lastKnownFileType = sourcecode.c.h; path = HJManagedImageV.h; sourceTree = "<group>"; };
		648C4EB1137408A400933593 /* HJCircularBuffer.m */ = {isa = PBXFileReference; fileEncoding = 4; lastKnownFileType = sourcecode.c.objc; path = HJCircularBuffer.m; sourceTree = "<group>"; };
		648C4EB2137408A400933593 /* HJCircularBuffer.h */ = {isa = PBXFileReference; fileEncoding = 4; lastKnownFileType = sourcecode.c.h; path = HJCircularBuffer.h; sourceTree = "<group>"; };
		648C55F2137D6ADD00933593 /* URLHistoryViewController.xib */ = {isa = PBXFileReference; lastKnownFileType = file.xib; name = URLHistoryViewController.xib; path = Classes/URLHistoryViewController.xib; sourceTree = "<group>"; };
		648C56B6137D82A300933593 /* HistoryViewController.h */ = {isa = PBXFileReference; fileEncoding = 4; lastKnownFileType = sourcecode.c.h; path = HistoryViewController.h; sourceTree = "<group>"; };
		648C56B7137D82A300933593 /* HistoryViewController.m */ = {isa = PBXFileReference; fileEncoding = 4; lastKnownFileType = sourcecode.c.objc; path = HistoryViewController.m; sourceTree = "<group>"; };
		648C56B8137D82A300933593 /* HistoryViewController.xib */ = {isa = PBXFileReference; lastKnownFileType = file.xib; name = HistoryViewController.xib; path = Classes/HistoryViewController.xib; sourceTree = "<group>"; };
		648D88671312B6FE0086DC21 /* AnnotationEditViewController.h */ = {isa = PBXFileReference; fileEncoding = 4; lastKnownFileType = sourcecode.c.h; path = AnnotationEditViewController.h; sourceTree = "<group>"; };
		648D88681312B6FE0086DC21 /* AnnotationEditViewController.m */ = {isa = PBXFileReference; fileEncoding = 4; lastKnownFileType = sourcecode.c.objc; path = AnnotationEditViewController.m; sourceTree = "<group>"; };
		648D88691312B6FE0086DC21 /* AnnotationEditViewController.xib */ = {isa = PBXFileReference; lastKnownFileType = file.xib; name = AnnotationEditViewController.xib; path = Classes/AnnotationEditViewController.xib; sourceTree = "<group>"; };
		648D8ACE1313DE820086DC21 /* AppScrollView.h */ = {isa = PBXFileReference; fileEncoding = 4; lastKnownFileType = sourcecode.c.h; path = AppScrollView.h; sourceTree = "<group>"; };
		648D8ACF1313DE820086DC21 /* AppScrollView.m */ = {isa = PBXFileReference; fileEncoding = 4; lastKnownFileType = sourcecode.c.objc; path = AppScrollView.m; sourceTree = "<group>"; };
		64ABC5911346151700904B04 /* icon.png */ = {isa = PBXFileReference; lastKnownFileType = image.png; path = icon.png; sourceTree = "<group>"; };
		64ABC62F134C7A4B00904B04 /* BPOIC.png */ = {isa = PBXFileReference; lastKnownFileType = image.png; path = BPOIC.png; sourceTree = "<group>"; };
		64B62E8713094DB900E0F9EC /* Annotation.h */ = {isa = PBXFileReference; fileEncoding = 4; lastKnownFileType = sourcecode.c.h; path = Annotation.h; sourceTree = "<group>"; };
		64B62E8813094DB900E0F9EC /* Annotation.m */ = {isa = PBXFileReference; fileEncoding = 4; lastKnownFileType = sourcecode.c.objc; path = Annotation.m; sourceTree = "<group>"; };
		64B62F3413096B2700E0F9EC /* Arrow.png */ = {isa = PBXFileReference; lastKnownFileType = image.png; path = Arrow.png; sourceTree = "<group>"; };
		64B63922130E938200E0F9EC /* Line.h */ = {isa = PBXFileReference; fileEncoding = 4; lastKnownFileType = sourcecode.c.h; path = Line.h; sourceTree = "<group>"; };
		64B63923130E938200E0F9EC /* Line.m */ = {isa = PBXFileReference; fileEncoding = 4; lastKnownFileType = sourcecode.c.objc; path = Line.m; sourceTree = "<group>"; };
		64B919B112FC687700963081 /* SlideViewController.h */ = {isa = PBXFileReference; fileEncoding = 4; lastKnownFileType = sourcecode.c.h; path = SlideViewController.h; sourceTree = "<group>"; };
		64B919B212FC687700963081 /* SlideViewController.m */ = {isa = PBXFileReference; fileEncoding = 4; lastKnownFileType = sourcecode.c.objc; path = SlideViewController.m; sourceTree = "<group>"; };
		64B919B312FC687700963081 /* SlideViewController.xib */ = {isa = PBXFileReference; lastKnownFileType = file.xib; name = SlideViewController.xib; path = Classes/SlideViewController.xib; sourceTree = "<group>"; };
		64CE8BBB14576E0600567B17 /* CHCCase01.txt */ = {isa = PBXFileReference; fileEncoding = 4; lastKnownFileType = text; path = CHCCase01.txt; sourceTree = "<group>"; };
		64CE8BBC14576E0600567B17 /* CHCCase02.txt */ = {isa = PBXFileReference; fileEncoding = 4; lastKnownFileType = text; path = CHCCase02.txt; sourceTree = "<group>"; };
		64CE8BBD14576E0600567B17 /* CHCCase03.txt */ = {isa = PBXFileReference; fileEncoding = 4; lastKnownFileType = text; path = CHCCase03.txt; sourceTree = "<group>"; };
		64CE8BBE14576E0600567B17 /* CHCCase04.txt */ = {isa = PBXFileReference; fileEncoding = 4; lastKnownFileType = text; path = CHCCase04.txt; sourceTree = "<group>"; };
		64CE8BBF14576E0600567B17 /* CHCCase05.txt */ = {isa = PBXFileReference; fileEncoding = 4; lastKnownFileType = text; path = CHCCase05.txt; sourceTree = "<group>"; };
		64CE8BC014576E0600567B17 /* CHCCase06.txt */ = {isa = PBXFileReference; fileEncoding = 4; lastKnownFileType = text; path = CHCCase06.txt; sourceTree = "<group>"; };
		64CE8BC114576E0600567B17 /* CHCCase07.txt */ = {isa = PBXFileReference; fileEncoding = 4; lastKnownFileType = text; path = CHCCase07.txt; sourceTree = "<group>"; };
		64CE8BC214576E0600567B17 /* CHCCase08.txt */ = {isa = PBXFileReference; fileEncoding = 4; lastKnownFileType = text; path = CHCCase08.txt; sourceTree = "<group>"; };
		64CE8BC314576E0600567B17 /* CHCCase09.txt */ = {isa = PBXFileReference; fileEncoding = 4; lastKnownFileType = text; path = CHCCase09.txt; sourceTree = "<group>"; };
		64CE8BC414576E0600567B17 /* CHCCase10.txt */ = {isa = PBXFileReference; fileEncoding = 4; lastKnownFileType = text; path = CHCCase10.txt; sourceTree = "<group>"; };
		64CE8BC514576E0600567B17 /* CHCCase11.txt */ = {isa = PBXFileReference; fileEncoding = 4; lastKnownFileType = text; path = CHCCase11.txt; sourceTree = "<group>"; };
		64CE8BC614576E0600567B17 /* CHCCase12.txt */ = {isa = PBXFileReference; fileEncoding = 4; lastKnownFileType = text; path = CHCCase12.txt; sourceTree = "<group>"; };
		64CE8BC714576E0600567B17 /* CHCCase13.txt */ = {isa = PBXFileReference; fileEncoding = 4; lastKnownFileType = text; path = CHCCase13.txt; sourceTree = "<group>"; };
		64CE8BC814576E0600567B17 /* CHCCase14.txt */ = {isa = PBXFileReference; fileEncoding = 4; lastKnownFileType = text; path = CHCCase14.txt; sourceTree = "<group>"; };
		64CE8BC914576E0600567B17 /* CHCCase15.txt */ = {isa = PBXFileReference; fileEncoding = 4; lastKnownFileType = text; path = CHCCase15.txt; sourceTree = "<group>"; };
		64CE8BCA14576E0600567B17 /* CHCCase16.txt */ = {isa = PBXFileReference; fileEncoding = 4; lastKnownFileType = text; path = CHCCase16.txt; sourceTree = "<group>"; };
		64CE8BCB14576E0600567B17 /* CHCCase17.txt */ = {isa = PBXFileReference; fileEncoding = 4; lastKnownFileType = text; path = CHCCase17.txt; sourceTree = "<group>"; };
		64CE8BCC14576E0600567B17 /* CHCCase18.txt */ = {isa = PBXFileReference; fileEncoding = 4; lastKnownFileType = text; path = CHCCase18.txt; sourceTree = "<group>"; };
		64CE8BCD14576E0600567B17 /* CHCCase19.txt */ = {isa = PBXFileReference; fileEncoding = 4; lastKnownFileType = text; path = CHCCase19.txt; sourceTree = "<group>"; };
		64CE8BCE14576E0600567B17 /* CHCCase20.txt */ = {isa = PBXFileReference; fileEncoding = 4; lastKnownFileType = text; path = CHCCase20.txt; sourceTree = "<group>"; };
		64CE8C361457728400567B17 /* annoCHCCase01.txt */ = {isa = PBXFileReference; fileEncoding = 4; lastKnownFileType = text; path = annoCHCCase01.txt; sourceTree = "<group>"; };
		64CE8C371457728400567B17 /* annoCHCCase02.txt */ = {isa = PBXFileReference; fileEncoding = 4; lastKnownFileType = text; path = annoCHCCase02.txt; sourceTree = "<group>"; };
		64CE8C381457728400567B17 /* annoCHCCase03.txt */ = {isa = PBXFileReference; fileEncoding = 4; lastKnownFileType = text; path = annoCHCCase03.txt; sourceTree = "<group>"; };
		64CE8C391457728400567B17 /* annoCHCCase04.txt */ = {isa = PBXFileReference; fileEncoding = 4; lastKnownFileType = text; path = annoCHCCase04.txt; sourceTree = "<group>"; };
		64CE8C3A1457728400567B17 /* annoCHCCase05.txt */ = {isa = PBXFileReference; fileEncoding = 4; lastKnownFileType = text; path = annoCHCCase05.txt; sourceTree = "<group>"; };
		64CE8C3B1457728400567B17 /* annoCHCCase06.txt */ = {isa = PBXFileReference; fileEncoding = 4; lastKnownFileType = text; path = annoCHCCase06.txt; sourceTree = "<group>"; };
		64CE8C3C1457728400567B17 /* annoCHCCase07.txt */ = {isa = PBXFileReference; fileEncoding = 4; lastKnownFileType = text; path = annoCHCCase07.txt; sourceTree = "<group>"; };
		64CE8C3D1457728400567B17 /* annoCHCCase08.txt */ = {isa = PBXFileReference; fileEncoding = 4; lastKnownFileType = text; path = annoCHCCase08.txt; sourceTree = "<group>"; };
		64CE8C3E1457728400567B17 /* annoCHCCase09.txt */ = {isa = PBXFileReference; fileEncoding = 4; lastKnownFileType = text; path = annoCHCCase09.txt; sourceTree = "<group>"; };
		64CE8C3F1457728400567B17 /* annoCHCCase10.txt */ = {isa = PBXFileReference; fileEncoding = 4; lastKnownFileType = text; path = annoCHCCase10.txt; sourceTree = "<group>"; };
		64CE8C401457728400567B17 /* annoCHCCase11.txt */ = {isa = PBXFileReference; fileEncoding = 4; lastKnownFileType = text; path = annoCHCCase11.txt; sourceTree = "<group>"; };
		64CE8C411457728400567B17 /* annoCHCCase12.txt */ = {isa = PBXFileReference; fileEncoding = 4; lastKnownFileType = text; path = annoCHCCase12.txt; sourceTree = "<group>"; };
		64CE8C421457728400567B17 /* annoCHCCase13.txt */ = {isa = PBXFileReference; fileEncoding = 4; lastKnownFileType = text; path = annoCHCCase13.txt; sourceTree = "<group>"; };
		64CE8C431457728400567B17 /* annoCHCCase14.txt */ = {isa = PBXFileReference; fileEncoding = 4; lastKnownFileType = text; path = annoCHCCase14.txt; sourceTree = "<group>"; };
		64CE8C441457728400567B17 /* annoCHCCase15.txt */ = {isa = PBXFileReference; fileEncoding = 4; lastKnownFileType = text; path = annoCHCCase15.txt; sourceTree = "<group>"; };
		64CE8C451457728400567B17 /* annoCHCCase16.txt */ = {isa = PBXFileReference; fileEncoding = 4; lastKnownFileType = text; path = annoCHCCase16.txt; sourceTree = "<group>"; };
		64CE8C461457728400567B17 /* annoCHCCase17.txt */ = {isa = PBXFileReference; fileEncoding = 4; lastKnownFileType = text; path = annoCHCCase17.txt; sourceTree = "<group>"; };
		64CE8C471457728400567B17 /* annoCHCCase18.txt */ = {isa = PBXFileReference; fileEncoding = 4; lastKnownFileType = text; path = annoCHCCase18.txt; sourceTree = "<group>"; };
		64CE8C481457728400567B17 /* annoCHCCase19.txt */ = {isa = PBXFileReference; fileEncoding = 4; lastKnownFileType = text; path = annoCHCCase19.txt; sourceTree = "<group>"; };
		64CE8C491457728400567B17 /* annoCHCCase20.txt */ = {isa = PBXFileReference; fileEncoding = 4; lastKnownFileType = text; path = annoCHCCase20.txt; sourceTree = "<group>"; };
		64D6FD181305939E00D0C33E /* SettingsViewController.h */ = {isa = PBXFileReference; fileEncoding = 4; lastKnownFileType = sourcecode.c.h; path = SettingsViewController.h; sourceTree = "<group>"; };
		64D6FD191305939E00D0C33E /* SettingsViewController.m */ = {isa = PBXFileReference; fileEncoding = 4; lastKnownFileType = sourcecode.c.objc; path = SettingsViewController.m; sourceTree = "<group>"; };
		64D6FD1A1305939E00D0C33E /* SettingsViewController.xib */ = {isa = PBXFileReference; lastKnownFileType = file.xib; name = SettingsViewController.xib; path = Classes/SettingsViewController.xib; sourceTree = "<group>"; };
		64E8E8AE140D129700AD7058 /* AsyncSocket.h */ = {isa = PBXFileReference; fileEncoding = 4; lastKnownFileType = sourcecode.c.h; path = AsyncSocket.h; sourceTree = "<group>"; };
		64E8E8AF140D129700AD7058 /* AsyncSocket.m */ = {isa = PBXFileReference; fileEncoding = 4; lastKnownFileType = sourcecode.c.objc; path = AsyncSocket.m; sourceTree = "<group>"; };
		64E8E8B0140D129700AD7058 /* AsyncUdpSocket.h */ = {isa = PBXFileReference; fileEncoding = 4; lastKnownFileType = sourcecode.c.h; path = AsyncUdpSocket.h; sourceTree = "<group>"; };
		64E8E8B1140D129700AD7058 /* AsyncUdpSocket.m */ = {isa = PBXFileReference; fileEncoding = 4; lastKnownFileType = sourcecode.c.objc; path = AsyncUdpSocket.m; sourceTree = "<group>"; };
		64E8E8B4140D192F00AD7058 /* CFNetwork.framework */ = {isa = PBXFileReference; lastKnownFileType = wrapper.framework; name = CFNetwork.framework; path = System/Library/Frameworks/CFNetwork.framework; sourceTree = SDKROOT; };
		8D1107310486CEB800E47090 /* iSlideViewer-Info.plist */ = {isa = PBXFileReference; fileEncoding = 4; lastKnownFileType = text.plist.xml; path = "iSlideViewer-Info.plist"; plistStructureDefinitionIdentifier = "com.apple.xcode.plist.structure-definition.iphone.info-plist"; sourceTree = "<group>"; };
/* End PBXFileReference section */

/* Begin PBXFrameworksBuildPhase section */
		1D60588F0D05DD3D006BFB54 /* Frameworks */ = {
			isa = PBXFrameworksBuildPhase;
			buildActionMask = 2147483647;
			files = (
				1D60589F0D05DD5A006BFB54 /* Foundation.framework in Frameworks */,
				1DF5F4E00D08C38300B7A737 /* UIKit.framework in Frameworks */,
				288765A50DF7441C002DB57D /* CoreGraphics.framework in Frameworks */,
				64867EA412F99253002764F8 /* SystemConfiguration.framework in Frameworks */,
				64E8E8B5140D192F00AD7058 /* CFNetwork.framework in Frameworks */,
			);
			runOnlyForDeploymentPostprocessing = 0;
		};
/* End PBXFrameworksBuildPhase section */

/* Begin PBXGroup section */
		080E96DDFE201D6D7F000001 /* Classes */ = {
			isa = PBXGroup;
			children = (
				1D3623240D0F684500981E51 /* iSlideViewerAppDelegate.h */,
				1D3623250D0F684500981E51 /* iSlideViewerAppDelegate.m */,
				28D7ACF60DDB3853001CB0EB /* iSlideViewerViewController.h */,
				28D7ACF70DDB3853001CB0EB /* iSlideViewerViewController.m */,
				64867DF712F96D9A002764F8 /* MainMenuViewController.h */,
				64867DF812F96D9A002764F8 /* MainMenuViewController.m */,
				648C56B6137D82A300933593 /* HistoryViewController.h */,
				648C56B7137D82A300933593 /* HistoryViewController.m */,
				64B919B112FC687700963081 /* SlideViewController.h */,
				64B919B212FC687700963081 /* SlideViewController.m */,
				64D6FD181305939E00D0C33E /* SettingsViewController.h */,
				64D6FD191305939E00D0C33E /* SettingsViewController.m */,
				64B62E8713094DB900E0F9EC /* Annotation.h */,
				64B62E8813094DB900E0F9EC /* Annotation.m */,
				648D88671312B6FE0086DC21 /* AnnotationEditViewController.h */,
				648D88681312B6FE0086DC21 /* AnnotationEditViewController.m */,
				648D8ACE1313DE820086DC21 /* AppScrollView.h */,
				648D8ACF1313DE820086DC21 /* AppScrollView.m */,
				64B63922130E938200E0F9EC /* Line.h */,
				64B63923130E938200E0F9EC /* Line.m */,
			);
			path = Classes;
			sourceTree = "<group>";
		};
		19C28FACFE9D520D11CA2CBB /* Products */ = {
			isa = PBXGroup;
			children = (
				1D6058910D05DD3D006BFB54 /* iSlideViewer.app */,
			);
			name = Products;
			sourceTree = "<group>";
		};
		29B97314FDCFA39411CA2CEA /* CustomTemplate */ = {
			isa = PBXGroup;
			children = (
				64E8E8AC140D127000AD7058 /* Cocoaasyncsocket */,
				648C4E911374080500933593 /* HJCache Lib */,
				080E96DDFE201D6D7F000001 /* Classes */,
				29B97315FDCFA39411CA2CEA /* Other Sources */,
				29B97317FDCFA39411CA2CEA /* Resources */,
				29B97323FDCFA39411CA2CEA /* Frameworks */,
				19C28FACFE9D520D11CA2CBB /* Products */,
			);
			name = CustomTemplate;
			sourceTree = "<group>";
		};
		29B97315FDCFA39411CA2CEA /* Other Sources */ = {
			isa = PBXGroup;
			children = (
				32CA4F630368D1EE00C91783 /* iSlideViewer_Prefix.pch */,
				29B97316FDCFA39411CA2CEA /* main.m */,
			);
			name = "Other Sources";
			sourceTree = "<group>";
		};
		29B97317FDCFA39411CA2CEA /* Resources */ = {
			isa = PBXGroup;
			children = (
				64CE8C2F145771E300567B17 /* Annos */,
				64CE8BB714576DFD00567B17 /* SlideInfo */,
				64ABC5911346151700904B04 /* icon.png */,
				64B62F2813096AF300E0F9EC /* Images */,
				64867DFD12F96DB2002764F8 /* xib Files */,
				8D1107310486CEB800E47090 /* iSlideViewer-Info.plist */,
			);
			name = Resources;
			sourceTree = "<group>";
		};
		29B97323FDCFA39411CA2CEA /* Frameworks */ = {
			isa = PBXGroup;
			children = (
				64E8E8B4140D192F00AD7058 /* CFNetwork.framework */,
				64867EA312F99253002764F8 /* SystemConfiguration.framework */,
				1DF5F4DF0D08C38300B7A737 /* UIKit.framework */,
				1D30AB110D05D00D00671497 /* Foundation.framework */,
				288765A40DF7441C002DB57D /* CoreGraphics.framework */,
			);
			name = Frameworks;
			sourceTree = "<group>";
		};
		64867DFD12F96DB2002764F8 /* xib Files */ = {
			isa = PBXGroup;
			children = (
				648C56B8137D82A300933593 /* HistoryViewController.xib */,
				648C55F2137D6ADD00933593 /* URLHistoryViewController.xib */,
				648D88691312B6FE0086DC21 /* AnnotationEditViewController.xib */,
				64D6FD1A1305939E00D0C33E /* SettingsViewController.xib */,
				2899E5210DE3E06400AC0155 /* iSlideViewerViewController.xib */,
				64B919B312FC687700963081 /* SlideViewController.xib */,
				28AD733E0D9D9553002E5188 /* MainWindow.xib */,
				64867DF912F96D9A002764F8 /* MainMenuViewController.xib */,
			);
			name = "xib Files";
			sourceTree = "<group>";
		};
		648C4E911374080500933593 /* HJCache Lib */ = {
			isa = PBXGroup;
			children = (
				648C4E9F137408A400933593 /* HJWeakMutableArray.m */,
				648C4EA0137408A400933593 /* HJWeakMutableArray.h */,
				648C4EA1137408A400933593 /* HJObjManager.m */,
				648C4EA2137408A400933593 /* HJObjManager.h */,
				648C4EA3137408A400933593 /* HJMOUserBase.m */,
				648C4EA4137408A400933593 /* HJMOUserBase.h */,
				648C4EA5137408A400933593 /* HJMOUser.h */,
				648C4EA6137408A400933593 /* HJMOPolicy.m */,
				648C4EA7137408A400933593 /* HJMOPolicy.h */,
				648C4EA8137408A400933593 /* HJMOHandler.m */,
				648C4EA9137408A400933593 /* HJMOHandler.h */,
				648C4EAA137408A400933593 /* HJMOFileCache.m */,
				648C4EAB137408A400933593 /* HJMOFileCache.h */,
				648C4EAC137408A400933593 /* HJMOBigFileCache.m */,
				648C4EAD137408A400933593 /* HJMOBigFileCache.h */,
				648C4EAE137408A400933593 /* HJManagedImageVDelegate.h */,
				648C4EAF137408A400933593 /* HJManagedImageV.m */,
				648C4EB0137408A400933593 /* HJManagedImageV.h */,
				648C4EB1137408A400933593 /* HJCircularBuffer.m */,
				648C4EB2137408A400933593 /* HJCircularBuffer.h */,
			);
			name = "HJCache Lib";
			sourceTree = "<group>";
		};
		64B62F2813096AF300E0F9EC /* Images */ = {
			isa = PBXGroup;
			children = (
				64ABC62F134C7A4B00904B04 /* BPOIC.png */,
				64B62F3413096B2700E0F9EC /* Arrow.png */,
			);
			name = Images;
			sourceTree = "<group>";
		};
		64CE8BB714576DFD00567B17 /* SlideInfo */ = {
			isa = PBXGroup;
			children = (
				64CE8BBB14576E0600567B17 /* CHCCase01.txt */,
				64CE8BBC14576E0600567B17 /* CHCCase02.txt */,
				64CE8BBD14576E0600567B17 /* CHCCase03.txt */,
				64CE8BBE14576E0600567B17 /* CHCCase04.txt */,
				64CE8BBF14576E0600567B17 /* CHCCase05.txt */,
				64CE8BC014576E0600567B17 /* CHCCase06.txt */,
				64CE8BC114576E0600567B17 /* CHCCase07.txt */,
				64CE8BC214576E0600567B17 /* CHCCase08.txt */,
				64CE8BC314576E0600567B17 /* CHCCase09.txt */,
				64CE8BC414576E0600567B17 /* CHCCase10.txt */,
				64CE8BC514576E0600567B17 /* CHCCase11.txt */,
				64CE8BC614576E0600567B17 /* CHCCase12.txt */,
				64CE8BC714576E0600567B17 /* CHCCase13.txt */,
				64CE8BC814576E0600567B17 /* CHCCase14.txt */,
				64CE8BC914576E0600567B17 /* CHCCase15.txt */,
				64CE8BCA14576E0600567B17 /* CHCCase16.txt */,
				64CE8BCB14576E0600567B17 /* CHCCase17.txt */,
				64CE8BCC14576E0600567B17 /* CHCCase18.txt */,
				64CE8BCD14576E0600567B17 /* CHCCase19.txt */,
				64CE8BCE14576E0600567B17 /* CHCCase20.txt */,
			);
			name = SlideInfo;
			sourceTree = "<group>";
		};
		64CE8C2F145771E300567B17 /* Annos */ = {
			isa = PBXGroup;
			children = (
				64CE8C361457728400567B17 /* annoCHCCase01.txt */,
				64CE8C371457728400567B17 /* annoCHCCase02.txt */,
				64CE8C381457728400567B17 /* annoCHCCase03.txt */,
				64CE8C391457728400567B17 /* annoCHCCase04.txt */,
				64CE8C3A1457728400567B17 /* annoCHCCase05.txt */,
				64CE8C3B1457728400567B17 /* annoCHCCase06.txt */,
				64CE8C3C1457728400567B17 /* annoCHCCase07.txt */,
				64CE8C3D1457728400567B17 /* annoCHCCase08.txt */,
				64CE8C3E1457728400567B17 /* annoCHCCase09.txt */,
				64CE8C3F1457728400567B17 /* annoCHCCase10.txt */,
				64CE8C401457728400567B17 /* annoCHCCase11.txt */,
				64CE8C411457728400567B17 /* annoCHCCase12.txt */,
				64CE8C421457728400567B17 /* annoCHCCase13.txt */,
				64CE8C431457728400567B17 /* annoCHCCase14.txt */,
				64CE8C441457728400567B17 /* annoCHCCase15.txt */,
				64CE8C451457728400567B17 /* annoCHCCase16.txt */,
				64CE8C461457728400567B17 /* annoCHCCase17.txt */,
				64CE8C471457728400567B17 /* annoCHCCase18.txt */,
				64CE8C481457728400567B17 /* annoCHCCase19.txt */,
				64CE8C491457728400567B17 /* annoCHCCase20.txt */,
			);
			name = Annos;
			sourceTree = "<group>";
		};
		64E8E8AC140D127000AD7058 /* Cocoaasyncsocket */ = {
			isa = PBXGroup;
			children = (
				64E8E8AE140D129700AD7058 /* AsyncSocket.h */,
				64E8E8AF140D129700AD7058 /* AsyncSocket.m */,
				64E8E8B0140D129700AD7058 /* AsyncUdpSocket.h */,
				64E8E8B1140D129700AD7058 /* AsyncUdpSocket.m */,
			);
			name = Cocoaasyncsocket;
			sourceTree = "<group>";
		};
/* End PBXGroup section */

/* Begin PBXNativeTarget section */
		1D6058900D05DD3D006BFB54 /* iSlideViewer */ = {
			isa = PBXNativeTarget;
			buildConfigurationList = 1D6058960D05DD3E006BFB54 /* Build configuration list for PBXNativeTarget "iSlideViewer" */;
			buildPhases = (
				1D60588D0D05DD3D006BFB54 /* Resources */,
				1D60588E0D05DD3D006BFB54 /* Sources */,
				1D60588F0D05DD3D006BFB54 /* Frameworks */,
			);
			buildRules = (
			);
			dependencies = (
			);
			name = iSlideViewer;
			productName = iSlideViewer;
			productReference = 1D6058910D05DD3D006BFB54 /* iSlideViewer.app */;
			productType = "com.apple.product-type.application";
		};
/* End PBXNativeTarget section */

/* Begin PBXProject section */
		29B97313FDCFA39411CA2CEA /* Project object */ = {
			isa = PBXProject;
			attributes = {
				LastUpgradeCheck = 0460;
			};
			buildConfigurationList = C01FCF4E08A954540054247B /* Build configuration list for PBXProject "iSlideViewer" */;
			compatibilityVersion = "Xcode 3.2";
			developmentRegion = English;
			hasScannedForEncodings = 1;
			knownRegions = (
				English,
				Japanese,
				French,
				German,
			);
			mainGroup = 29B97314FDCFA39411CA2CEA /* CustomTemplate */;
			projectDirPath = "";
			projectRoot = "";
			targets = (
				1D6058900D05DD3D006BFB54 /* iSlideViewer */,
			);
		};
/* End PBXProject section */

/* Begin PBXResourcesBuildPhase section */
		1D60588D0D05DD3D006BFB54 /* Resources */ = {
			isa = PBXResourcesBuildPhase;
			buildActionMask = 2147483647;
			files = (
				28AD733F0D9D9553002E5188 /* MainWindow.xib in Resources */,
				2899E5220DE3E06400AC0155 /* iSlideViewerViewController.xib in Resources */,
				64867DFB12F96D9A002764F8 /* MainMenuViewController.xib in Resources */,
				64B919B512FC687700963081 /* SlideViewController.xib in Resources */,
				64D6FD1C1305939E00D0C33E /* SettingsViewController.xib in Resources */,
				64B62F3513096B2700E0F9EC /* Arrow.png in Resources */,
				648D886B1312B6FE0086DC21 /* AnnotationEditViewController.xib in Resources */,
				64ABC5921346151700904B04 /* icon.png in Resources */,
				64ABC630134C7A4B00904B04 /* BPOIC.png in Resources */,
				648C55F4137D6ADD00933593 /* URLHistoryViewController.xib in Resources */,
				648C56BA137D82A300933593 /* HistoryViewController.xib in Resources */,
				64CE8BCF14576E0600567B17 /* CHCCase01.txt in Resources */,
				64CE8BD014576E0600567B17 /* CHCCase02.txt in Resources */,
				64CE8BD114576E0600567B17 /* CHCCase03.txt in Resources */,
				64CE8BD214576E0600567B17 /* CHCCase04.txt in Resources */,
				64CE8BD314576E0600567B17 /* CHCCase05.txt in Resources */,
				64CE8BD414576E0600567B17 /* CHCCase06.txt in Resources */,
				64CE8BD514576E0600567B17 /* CHCCase07.txt in Resources */,
				64CE8BD614576E0600567B17 /* CHCCase08.txt in Resources */,
				64CE8BD714576E0600567B17 /* CHCCase09.txt in Resources */,
				64CE8BD814576E0600567B17 /* CHCCase10.txt in Resources */,
				64CE8BD914576E0600567B17 /* CHCCase11.txt in Resources */,
				64CE8BDA14576E0600567B17 /* CHCCase12.txt in Resources */,
				64CE8BDB14576E0600567B17 /* CHCCase13.txt in Resources */,
				64CE8BDC14576E0600567B17 /* CHCCase14.txt in Resources */,
				64CE8BDD14576E0600567B17 /* CHCCase15.txt in Resources */,
				64CE8BDE14576E0600567B17 /* CHCCase16.txt in Resources */,
				64CE8BDF14576E0600567B17 /* CHCCase17.txt in Resources */,
				64CE8BE014576E0600567B17 /* CHCCase18.txt in Resources */,
				64CE8BE114576E0600567B17 /* CHCCase19.txt in Resources */,
				64CE8BE214576E0600567B17 /* CHCCase20.txt in Resources */,
				64CE8C4A1457728400567B17 /* annoCHCCase01.txt in Resources */,
				64CE8C4B1457728400567B17 /* annoCHCCase02.txt in Resources */,
				64CE8C4C1457728400567B17 /* annoCHCCase03.txt in Resources */,
				64CE8C4D1457728400567B17 /* annoCHCCase04.txt in Resources */,
				64CE8C4E1457728400567B17 /* annoCHCCase05.txt in Resources */,
				64CE8C4F1457728400567B17 /* annoCHCCase06.txt in Resources */,
				64CE8C501457728400567B17 /* annoCHCCase07.txt in Resources */,
				64CE8C511457728400567B17 /* annoCHCCase08.txt in Resources */,
				64CE8C521457728400567B17 /* annoCHCCase09.txt in Resources */,
				64CE8C531457728400567B17 /* annoCHCCase10.txt in Resources */,
				64CE8C541457728400567B17 /* annoCHCCase11.txt in Resources */,
				64CE8C551457728400567B17 /* annoCHCCase12.txt in Resources */,
				64CE8C561457728400567B17 /* annoCHCCase13.txt in Resources */,
				64CE8C571457728400567B17 /* annoCHCCase14.txt in Resources */,
				64CE8C581457728400567B17 /* annoCHCCase15.txt in Resources */,
				64CE8C591457728400567B17 /* annoCHCCase16.txt in Resources */,
				64CE8C5A1457728400567B17 /* annoCHCCase17.txt in Resources */,
				64CE8C5B1457728400567B17 /* annoCHCCase18.txt in Resources */,
				64CE8C5C1457728400567B17 /* annoCHCCase19.txt in Resources */,
				64CE8C5D1457728400567B17 /* annoCHCCase20.txt in Resources */,
			);
			runOnlyForDeploymentPostprocessing = 0;
		};
/* End PBXResourcesBuildPhase section */

/* Begin PBXSourcesBuildPhase section */
		1D60588E0D05DD3D006BFB54 /* Sources */ = {
			isa = PBXSourcesBuildPhase;
			buildActionMask = 2147483647;
			files = (
				1D60589B0D05DD56006BFB54 /* main.m in Sources */,
				1D3623260D0F684500981E51 /* iSlideViewerAppDelegate.m in Sources */,
				28D7ACF80DDB3853001CB0EB /* iSlideViewerViewController.m in Sources */,
				64867DFA12F96D9A002764F8 /* MainMenuViewController.m in Sources */,
				64B919B412FC687700963081 /* SlideViewController.m in Sources */,
				64D6FD1B1305939E00D0C33E /* SettingsViewController.m in Sources */,
				64B62E8913094DB900E0F9EC /* Annotation.m in Sources */,
				64B63924130E938200E0F9EC /* Line.m in Sources */,
				648D886A1312B6FE0086DC21 /* AnnotationEditViewController.m in Sources */,
				648D8AD01313DE820086DC21 /* AppScrollView.m in Sources */,
				648C4EB3137408A400933593 /* HJWeakMutableArray.m in Sources */,
				648C4EB4137408A400933593 /* HJObjManager.m in Sources */,
				648C4EB5137408A400933593 /* HJMOUserBase.m in Sources */,
				648C4EB6137408A400933593 /* HJMOPolicy.m in Sources */,
				648C4EB7137408A400933593 /* HJMOHandler.m in Sources */,
				648C4EB8137408A400933593 /* HJMOFileCache.m in Sources */,
				648C4EB9137408A400933593 /* HJMOBigFileCache.m in Sources */,
				648C4EBA137408A400933593 /* HJManagedImageV.m in Sources */,
				648C4EBB137408A400933593 /* HJCircularBuffer.m in Sources */,
				648C56B9137D82A300933593 /* HistoryViewController.m in Sources */,
				64E8E8B2140D129700AD7058 /* AsyncSocket.m in Sources */,
				64E8E8B3140D129700AD7058 /* AsyncUdpSocket.m in Sources */,
			);
			runOnlyForDeploymentPostprocessing = 0;
		};
/* End PBXSourcesBuildPhase section */

/* Begin XCBuildConfiguration section */
		1D6058940D05DD3E006BFB54 /* Debug */ = {
			isa = XCBuildConfiguration;
			buildSettings = {
				ALWAYS_SEARCH_USER_PATHS = NO;
				COPY_PHASE_STRIP = NO;
				GCC_DYNAMIC_NO_PIC = NO;
				GCC_OPTIMIZATION_LEVEL = 0;
				GCC_PRECOMPILE_PREFIX_HEADER = YES;
				GCC_PREFIX_HEADER = iSlideViewer_Prefix.pch;
				INFOPLIST_FILE = "iSlideViewer-Info.plist";
				PRODUCT_NAME = iSlideViewer;
			};
			name = Debug;
		};
		1D6058950D05DD3E006BFB54 /* Release */ = {
			isa = XCBuildConfiguration;
			buildSettings = {
				ALWAYS_SEARCH_USER_PATHS = NO;
				COPY_PHASE_STRIP = YES;
				GCC_PRECOMPILE_PREFIX_HEADER = YES;
				GCC_PREFIX_HEADER = iSlideViewer_Prefix.pch;
				INFOPLIST_FILE = "iSlideViewer-Info.plist";
				PRODUCT_NAME = iSlideViewer;
				VALIDATE_PRODUCT = YES;
			};
			name = Release;
		};
		C01FCF4F08A954540054247B /* Debug */ = {
			isa = XCBuildConfiguration;
			buildSettings = {
				ARCHS = "$(ARCHS_UNIVERSAL_IPHONE_OS)";
				"CODE_SIGN_IDENTITY[sdk=iphoneos*]" = "iPhone Developer";
				GCC_C_LANGUAGE_STANDARD = c99;
				GCC_WARN_ABOUT_RETURN_TYPE = YES;
				GCC_WARN_UNUSED_VARIABLE = YES;
				SDKROOT = iphoneos;
				TARGETED_DEVICE_FAMILY = 2;
			};
			name = Debug;
		};
		C01FCF5008A954540054247B /* Release */ = {
			isa = XCBuildConfiguration;
			buildSettings = {
				ARCHS = "$(ARCHS_UNIVERSAL_IPHONE_OS)";
				"CODE_SIGN_IDENTITY[sdk=iphoneos*]" = "iPhone Developer";
				GCC_C_LANGUAGE_STANDARD = c99;
				GCC_WARN_ABOUT_RETURN_TYPE = YES;
				GCC_WARN_UNUSED_VARIABLE = YES;
				OTHER_CFLAGS = "-DNS_BLOCK_ASSERTIONS=1";
				SDKROOT = iphoneos;
				TARGETED_DEVICE_FAMILY = 2;
			};
			name = Release;
		};
/* End XCBuildConfiguration section */

/* Begin XCConfigurationList section */
		1D6058960D05DD3E006BFB54 /* Build configuration list for PBXNativeTarget "iSlideViewer" */ = {
			isa = XCConfigurationList;
			buildConfigurations = (
				1D6058940D05DD3E006BFB54 /* Debug */,
				1D6058950D05DD3E006BFB54 /* Release */,
			);
			defaultConfigurationIsVisible = 0;
			defaultConfigurationName = Release;
		};
		C01FCF4E08A954540054247B /* Build configuration list for PBXProject "iSlideViewer" */ = {
			isa = XCConfigurationList;
			buildConfigurations = (
				C01FCF4F08A954540054247B /* Debug */,
				C01FCF5008A954540054247B /* Release */,
			);
			defaultConfigurationIsVisible = 0;
			defaultConfigurationName = Release;
		};
/* End XCConfigurationList section */
	};
	rootObject = 29B97313FDCFA39411CA2CEA /* Project object */;
}
